{
  "nodes": {
    "deltaThemes": {
      "flake": false,
      "locked": {
        "narHash": "sha256-5ybpZLOfJl4p5i9bZf5PFNfaTaF27sAWt0K/dJNLx/Y=",
        "type": "file",
        "url": "https://raw.githubusercontent.com/dandavison/delta/0.18.2/themes.gitconfig"
      },
      "original": {
        "type": "file",
        "url": "https://raw.githubusercontent.com/dandavison/delta/0.18.2/themes.gitconfig"
      }
    },
    "firefox-addons": {
      "inputs": {
        "nixpkgs": [
          "nixpkgs"
        ]
      },
      "locked": {
        "dir": "pkgs/firefox-addons",
        "lastModified": 1773460974,
        "narHash": "sha256-ub9lQJZOgj9351Rv7YrmrimlocUj45AmWi5/vxOkrug=",
        "owner": "rycee",
        "repo": "nur-expressions",
        "rev": "cc0fa04294fb230b831e0b0d0d842d6ddb40806f",
        "type": "gitlab"
      },
      "original": {
        "dir": "pkgs/firefox-addons",
        "owner": "rycee",
        "repo": "nur-expressions",
        "type": "gitlab"
      }
    },
    "flatpaks": {
      "locked": {
        "lastModified": 1763835632,
        "narHash": "sha256-6q7bnvI8OawJsG6z8fnPxrvU91221AsMBfsUAepoFvM=",
        "owner": "in-a-dil-emma",
        "repo": "declarative-flatpak",
        "rev": "8580e2112e41814344cfd27973248af89a169886",
        "type": "github"
      },
      "original": {
        "owner": "in-a-dil-emma",
        "ref": "v4.1.1",
        "repo": "declarative-flatpak",
        "type": "github"
      }
    },
    "home-manager": {
      "inputs": {
        "nixpkgs": [
          "nixpkgs"
        ]
      },
      "locked": {
        "lastModified": 1773264488,
        "narHash": "sha256-rK0507bDuWBrZo+0zts9bCs/+RRUEHuvFE5DHWPxX/Q=",
        "owner": "nix-community",
        "repo": "home-manager",
        "rev": "5c0f63f8d55040a7eed69df7e3fcdd15dfb5a04c",
        "type": "github"
      },
      "original": {
        "owner": "nix-community",
        "ref": "release-25.11",
        "repo": "home-manager",
        "type": "github"
      }
    },
    "nixpkgs": {
      "locked": {
        "lastModified": 1773375660,
        "narHash": "sha256-SEzUWw2Rf5Ki3bcM26nSKgbeoqi2uYy8IHVBqOKjX3w=",
        "owner": "nixos",
        "repo": "nixpkgs",
        "rev": "3e20095fe3c6cbb1ddcef89b26969a69a1570776",
        "type": "github"
      },
      "original": {
        "owner": "nixos",
        "ref": "nixos-25.11",
        "repo": "nixpkgs",
        "type": "github"
      }
    },
    "root": {
      "inputs": {
        "deltaThemes": "deltaThemes",
        "firefox-addons": "firefox-addons",
        "flatpaks": "flatpaks",
        "home-manager": "home-manager",
        "nixpkgs": "nixpkgs",
        "rosePineFlavors": "rosePineFlavors",
        "rosePineTextMateTheme": "rosePineTextMateTheme",
        "unstable": "unstable",
        "zen-browser": "zen-browser"
      }
    },
    "rosePineFlavors": {
      "flake": false,
      "locked": {
        "lastModified": 1771874935,
        "narHash": "sha256-9e3dXViWl1rK9BPrGAFfs9ZL/tsG6Njz6ksuU6AIrFY=",
        "owner": "rose-pine",
        "repo": "yazi",
        "rev": "c89d745573d4fcfe0550fe6646f9f9ab1c0e51db",
        "type": "github"
      },
      "original": {
        "owner": "rose-pine",
        "repo": "yazi",
        "type": "github"
      }
    },
    "rosePineTextMateTheme": {
      "flake": false,
      "locked": {
        "lastModified": 1772923603,
        "narHash": "sha256-GUFdv5V5OZ2PG+gfsbiohMT23LWsrZda34ReHBr2Xy0=",
        "owner": "rose-pine",
        "repo": "tm-theme",
        "rev": "23bb25b9c421cdc9ea89ff3ad3825840cd19d65d",
        "type": "github"
      },
      "original": {
        "owner": "rose-pine",
        "repo": "tm-theme",
        "type": "github"
      }
    },
    "unstable": {
      "locked": {
        "lastModified": 1773389992,
        "narHash": "sha256-wvfdLLWJ2I9oEpDd9PfMA8osfIZicoQ5MT1jIwNs9Tk=",
        "owner": "nixos",
        "repo": "nixpkgs",
        "rev": "c06b4ae3d6599a672a6210b7021d699c351eebda",
        "type": "github"
      },
      "original": {
        "owner": "nixos",
        "ref": "nixos-unstable",
        "repo": "nixpkgs",
        "type": "github"
      }
    },
    "zen-browser": {
      "inputs": {
        "home-manager": [
          "home-manager"
        ],
        "nixpkgs": [
          "nixpkgs"
        ]
      },
      "locked": {
        "lastModified": 1773588616,
        "narHash": "sha256-Ukh79t1IMpP4FRsJDZ/3Y72VpW+QwNe/QRB5pTsH20Q=",
        "owner": "0xc000022070",
        "repo": "zen-browser-flake",
        "rev": "b34b64ee5a85ab61394c491ac3dad335d3cbfbb8",
        "type": "github"
      },
      "original": {
        "owner": "0xc000022070",
        "repo": "zen-browser-flake",
        "type": "github"
      }
    }
  },
  "root": "root",
  "version": 7
}
