{
  "nodes": {
    "deltaThemes": {
      "flake": false,
      "locked": {
        "narHash": "sha256-5ybpZLOfJl4p5i9bZf5PFNfaTaF27sAWt0K/dJNLx/Y=",
        "type": "file",
        "url": "https://raw.githubusercontent.com/dandavison/delta/0.18.2/themes.gitconfig"
      },
      "original": {
        "type": "file",
        "url": "https://raw.githubusercontent.com/dandavison/delta/0.18.2/themes.gitconfig"
      }
    },
    "firefox-addons": {
      "inputs": {
        "nixpkgs": [
          "nixpkgs"
        ]
      },
      "locked": {
        "dir": "pkgs/firefox-addons",
        "lastModified": 1765685099,
        "narHash": "sha256-D4VYn8NN0sLOzoo4geYDiV/T/Ilor78CaS50gNq6Ep0=",
        "owner": "rycee",
        "repo": "nur-expressions",
        "rev": "51712b3d3481dfaeef9a5f8b293ea1aa04a61cdb",
        "type": "gitlab"
      },
      "original": {
        "dir": "pkgs/firefox-addons",
        "owner": "rycee",
        "repo": "nur-expressions",
        "type": "gitlab"
      }
    },
    "flatpaks": {
      "locked": {
        "lastModified": 1763835632,
        "narHash": "sha256-6q7bnvI8OawJsG6z8fnPxrvU91221AsMBfsUAepoFvM=",
        "owner": "in-a-dil-emma",
        "repo": "declarative-flatpak",
        "rev": "8580e2112e41814344cfd27973248af89a169886",
        "type": "github"
      },
      "original": {
        "owner": "in-a-dil-emma",
        "ref": "v4.1.1",
        "repo": "declarative-flatpak",
        "type": "github"
      }
    },
    "home-manager": {
      "inputs": {
        "nixpkgs": [
          "nixpkgs"
        ]
      },
      "locked": {
        "lastModified": 1765605144,
        "narHash": "sha256-RM2xs+1HdHxesjOelxoA3eSvXShC8pmBvtyTke4Ango=",
        "owner": "nix-community",
        "repo": "home-manager",
        "rev": "90b62096f099b73043a747348c11dbfcfbdea949",
        "type": "github"
      },
      "original": {
        "owner": "nix-community",
        "ref": "release-25.11",
        "repo": "home-manager",
        "type": "github"
      }
    },
    "nixpkgs": {
      "locked": {
        "lastModified": 1765608474,
        "narHash": "sha256-9Wx53UK0z8Di5iesJID0tS1dRKwGxI4i7tsSanOHhF0=",
        "owner": "nixos",
        "repo": "nixpkgs",
        "rev": "28bb483c11a1214a73f9fd2d9928a6e2ea86ec71",
        "type": "github"
      },
      "original": {
        "owner": "nixos",
        "ref": "nixos-25.11",
        "repo": "nixpkgs",
        "type": "github"
      }
    },
    "root": {
      "inputs": {
        "deltaThemes": "deltaThemes",
        "firefox-addons": "firefox-addons",
        "flatpaks": "flatpaks",
        "home-manager": "home-manager",
        "nixpkgs": "nixpkgs",
        "rosePineFlavors": "rosePineFlavors",
        "rosePineTextMateTheme": "rosePineTextMateTheme",
        "unstable": "unstable",
        "zen-browser": "zen-browser"
      }
    },
    "rosePineFlavors": {
      "flake": false,
      "locked": {
        "lastModified": 1762352818,
        "narHash": "sha256-3j7TTtzG+GCB4uVeCiuvb/0dCkHPz7X+MDBVVUp646A=",
        "owner": "rose-pine",
        "repo": "yazi",
        "rev": "fd385266af5f3419657e449607f3e87f062d0d2e",
        "type": "github"
      },
      "original": {
        "owner": "rose-pine",
        "repo": "yazi",
        "type": "github"
      }
    },
    "rosePineTextMateTheme": {
      "flake": false,
      "locked": {
        "lastModified": 1762904483,
        "narHash": "sha256-aNDOqY81FLFQ6bvsTiYgPyS5lJrqZnFMpvpTCSNyY0Y=",
        "owner": "rose-pine",
        "repo": "tm-theme",
        "rev": "417d201beb5f0964faded5448147c252ff12c4ae",
        "type": "github"
      },
      "original": {
        "owner": "rose-pine",
        "repo": "tm-theme",
        "type": "github"
      }
    },
    "unstable": {
      "locked": {
        "lastModified": 1766070988,
        "narHash": "sha256-G/WVghka6c4bAzMhTwT2vjLccg/awmHkdKSd2JrycLc=",
        "owner": "nixos",
        "repo": "nixpkgs",
        "rev": "c6245e83d836d0433170a16eb185cefe0572f8b8",
        "type": "github"
      },
      "original": {
        "owner": "nixos",
        "ref": "nixos-unstable",
        "repo": "nixpkgs",
        "type": "github"
      }
    },
    "zen-browser": {
      "inputs": {
        "home-manager": [
          "home-manager"
        ],
        "nixpkgs": [
          "nixpkgs"
        ]
      },
      "locked": {
        "lastModified": 1765715981,
        "narHash": "sha256-rAWVEEbfWZKTaiqBA/ogkeHvbzlkDHZjZPHbjWUnpw8=",
        "owner": "0xc000022070",
        "repo": "zen-browser-flake",
        "rev": "463d3f091ad2b0ba2a4982f4181d22e452b2659d",
        "type": "github"
      },
      "original": {
        "owner": "0xc000022070",
        "repo": "zen-browser-flake",
        "type": "github"
      }
    }
  },
  "root": "root",
  "version": 7
}
