{
  "nodes": {
    "firefox-addons": {
      "inputs": {
        "nixpkgs": [
          "nixpkgs"
        ]
      },
      "locked": {
        "dir": "pkgs/firefox-addons",
        "lastModified": 1763179480,
        "narHash": "sha256-bsHnmNm/2ev8XNzKibc6swU5zM2bB3/v3UbtlQyS1dA=",
        "owner": "rycee",
        "repo": "nur-expressions",
        "rev": "6831e9334d8efd7b1f9b570be748e7cf0173f6b7",
        "type": "gitlab"
      },
      "original": {
        "dir": "pkgs/firefox-addons",
        "owner": "rycee",
        "repo": "nur-expressions",
        "type": "gitlab"
      }
    },
    "home-manager": {
      "inputs": {
        "nixpkgs": [
          "nixpkgs"
        ]
      },
      "locked": {
        "lastModified": 1758463745,
        "narHash": "sha256-uhzsV0Q0I9j2y/rfweWeGif5AWe0MGrgZ/3TjpDYdGA=",
        "owner": "nix-community",
        "repo": "home-manager",
        "rev": "3b955f5f0a942f9f60cdc9cacb7844335d0f21c3",
        "type": "github"
      },
      "original": {
        "owner": "nix-community",
        "ref": "release-25.05",
        "repo": "home-manager",
        "type": "github"
      }
    },
    "nix-flatpak": {
      "locked": {
        "lastModified": 1739444422,
        "narHash": "sha256-iAVVHi7X3kWORftY+LVbRiStRnQEob2TULWyjMS6dWg=",
        "owner": "gmodena",
        "repo": "nix-flatpak",
        "rev": "5e54c3ca05a7c7d968ae1ddeabe01d2a9bc1e177",
        "type": "github"
      },
      "original": {
        "owner": "gmodena",
        "ref": "v0.6.0",
        "repo": "nix-flatpak",
        "type": "github"
      }
    },
    "nixpkgs": {
      "locked": {
        "lastModified": 1763049705,
        "narHash": "sha256-A5LS0AJZ1yDPTa2fHxufZN++n8MCmtgrJDtxFxrH4S8=",
        "owner": "nixos",
        "repo": "nixpkgs",
        "rev": "3acb677ea67d4c6218f33de0db0955f116b7588c",
        "type": "github"
      },
      "original": {
        "owner": "nixos",
        "ref": "nixos-25.05",
        "repo": "nixpkgs",
        "type": "github"
      }
    },
    "root": {
      "inputs": {
        "firefox-addons": "firefox-addons",
        "home-manager": "home-manager",
        "nix-flatpak": "nix-flatpak",
        "nixpkgs": "nixpkgs",
        "unstable": "unstable",
        "zen-browser": "zen-browser"
      }
    },
    "unstable": {
      "locked": {
        "lastModified": 1762977756,
        "narHash": "sha256-4PqRErxfe+2toFJFgcRKZ0UI9NSIOJa+7RXVtBhy4KE=",
        "owner": "nixos",
        "repo": "nixpkgs",
        "rev": "c5ae371f1a6a7fd27823bc500d9390b38c05fa55",
        "type": "github"
      },
      "original": {
        "owner": "nixos",
        "ref": "nixos-unstable",
        "repo": "nixpkgs",
        "type": "github"
      }
    },
    "zen-browser": {
      "inputs": {
        "home-manager": [
          "home-manager"
        ],
        "nixpkgs": [
          "nixpkgs"
        ]
      },
      "locked": {
        "lastModified": 1763214567,
        "narHash": "sha256-BDRSWvXGoKq1oHSjl+HLAq7I8ZL90ZhW3fDB3cl7LJk=",
        "owner": "0xc000022070",
        "repo": "zen-browser-flake",
        "rev": "0bfb3939813d5da9e198de6d4cc1e2afc38a7021",
        "type": "github"
      },
      "original": {
        "owner": "0xc000022070",
        "repo": "zen-browser-flake",
        "type": "github"
      }
    }
  },
  "root": "root",
  "version": 7
}
